
Microsoft Visual Studio Solution File, Format Version 12.00
# Visual Studio Version 17
VisualStudioVersion = 17.13.35913.81 d17.13
MinimumVisualStudioVersion = 10.0.40219.1
Project("{FAE04EC0-301F-11D3-BF4B-00C04F79EFBC}") = "Task (2)", "Task (2)\Task (2).csproj", "{28E2CD8C-CE13-4487-9E70-DA9238F63B99}"
EndProject
Global
	GlobalSection(SolutionConfigurationPlatforms) = preSolution
		Debug|Any CPU = Debug|Any CPU
		Release|Any CPU = Release|Any CPU
	EndGlobalSection
	GlobalSection(ProjectConfigurationPlatforms) = postSolution
		{28E2CD8C-CE13-4487-9E70-DA9238F63B99}.Debug|Any CPU.ActiveCfg = Debug|Any CPU
		{28E2CD8C-CE13-4487-9E70-DA9238F63B99}.Debug|Any CPU.Build.0 = Debug|Any CPU
		{28E2CD8C-CE13-4487-9E70-DA9238F63B99}.Release|Any CPU.ActiveCfg = Release|Any CPU
		{28E2CD8C-CE13-4487-9E70-DA9238F63B99}.Release|Any CPU.Build.0 = Release|Any CPU
	EndGlobalSection
	GlobalSection(SolutionProperties) = preSolution
		HideSolutionNode = FALSE
	EndGlobalSection
	GlobalSection(ExtensibilityGlobals) = postSolution
		SolutionGuid = {9640059A-050C-41D0-9867-84D0C5B050A0}
	EndGlobalSection
EndGlobal
