
Microsoft Visual Studio Solution File, Format Version 12.00
# Visual Studio Version 17
VisualStudioVersion = 17.13.35913.81 d17.13
MinimumVisualStudioVersion = 10.0.40219.1
Project("{FAE04EC0-301F-11D3-BF4B-00C04F79EFBC}") = "Object-Oriented Programming (OOP) in C#", "Object-Oriented Programming (OOP) in C#\Object-Oriented Programming (OOP) in C#.csproj", "{B4169566-06AC-48DB-A8E2-9D8520F79C27}"
EndProject
Global
	GlobalSection(SolutionConfigurationPlatforms) = preSolution
		Debug|Any CPU = Debug|Any CPU
		Release|Any CPU = Release|Any CPU
	EndGlobalSection
	GlobalSection(ProjectConfigurationPlatforms) = postSolution
		{B4169566-06AC-48DB-A8E2-9D8520F79C27}.Debug|Any CPU.ActiveCfg = Debug|Any CPU
		{B4169566-06AC-48DB-A8E2-9D8520F79C27}.Debug|Any CPU.Build.0 = Debug|Any CPU
		{B4169566-06AC-48DB-A8E2-9D8520F79C27}.Release|Any CPU.ActiveCfg = Release|Any CPU
		{B4169566-06AC-48DB-A8E2-9D8520F79C27}.Release|Any CPU.Build.0 = Release|Any CPU
	EndGlobalSection
	GlobalSection(SolutionProperties) = preSolution
		HideSolutionNode = FALSE
	EndGlobalSection
	GlobalSection(ExtensibilityGlobals) = postSolution
		SolutionGuid = {FBADC34A-A373-4CC6-8D8D-33841EC47A77}
	EndGlobalSection
EndGlobal
