
Microsoft Visual Studio Solution File, Format Version 12.00
# Visual Studio Version 17
VisualStudioVersion = 17.13.35913.81 d17.13
MinimumVisualStudioVersion = 10.0.40219.1
Project("{FAE04EC0-301F-11D3-BF4B-00C04F79EFBC}") = "Function(2)", "Function(2)\Function(2).csproj", "{B29DC0BE-28D9-472C-B155-6C9D893E6EBF}"
EndProject
Global
	GlobalSection(SolutionConfigurationPlatforms) = preSolution
		Debug|Any CPU = Debug|Any CPU
		Release|Any CPU = Release|Any CPU
	EndGlobalSection
	GlobalSection(ProjectConfigurationPlatforms) = postSolution
		{B29DC0BE-28D9-472C-B155-6C9D893E6EBF}.Debug|Any CPU.ActiveCfg = Debug|Any CPU
		{B29DC0BE-28D9-472C-B155-6C9D893E6EBF}.Debug|Any CPU.Build.0 = Debug|Any CPU
		{B29DC0BE-28D9-472C-B155-6C9D893E6EBF}.Release|Any CPU.ActiveCfg = Release|Any CPU
		{B29DC0BE-28D9-472C-B155-6C9D893E6EBF}.Release|Any CPU.Build.0 = Release|Any CPU
	EndGlobalSection
	GlobalSection(SolutionProperties) = preSolution
		HideSolutionNode = FALSE
	EndGlobalSection
	GlobalSection(ExtensibilityGlobals) = postSolution
		SolutionGuid = {8C3E96B0-BD46-4EAE-9827-C36CC0C78CCF}
	EndGlobalSection
EndGlobal
